
Microsoft Visual Studio Solution File, Format Version 12.00
# Visual Studio Version 17
VisualStudioVersion = 17.6.33712.159
MinimumVisualStudioVersion = 10.0.40219.1
Project("{FAE04EC0-301F-11D3-BF4B-00C04F79EFBC}") = "WebApiBanco", "WebApiBanco.csproj", "{EA36EB13-3CC4-4F9B-9F0F-59DBD06DCF34}"
EndProject
Project("{FAE04EC0-301F-11D3-BF4B-00C04F79EFBC}") = "WebApiBanco.Repository", "..\WebApiBanco.Repository\WebApiBanco.Repository.csproj", "{4CFB5476-8687-4A4C-8602-33D526CCA569}"
EndProject
Project("{FAE04EC0-301F-11D3-BF4B-00C04F79EFBC}") = "WebApiBanco.Application", "..\WebApiBanco.Application\WebApiBanco.Application.csproj", "{C074A451-5589-4306-9641-4EBEDE4C00DE}"
EndProject
Global
	GlobalSection(SolutionConfigurationPlatforms) = preSolution
		Debug|Any CPU = Debug|Any CPU
		Release|Any CPU = Release|Any CPU
	EndGlobalSection
	GlobalSection(ProjectConfigurationPlatforms) = postSolution
		{EA36EB13-3CC4-4F9B-9F0F-59DBD06DCF34}.Debug|Any CPU.ActiveCfg = Debug|Any CPU
		{EA36EB13-3CC4-4F9B-9F0F-59DBD06DCF34}.Debug|Any CPU.Build.0 = Debug|Any CPU
		{EA36EB13-3CC4-4F9B-9F0F-59DBD06DCF34}.Release|Any CPU.ActiveCfg = Release|Any CPU
		{EA36EB13-3CC4-4F9B-9F0F-59DBD06DCF34}.Release|Any CPU.Build.0 = Release|Any CPU
		{4CFB5476-8687-4A4C-8602-33D526CCA569}.Debug|Any CPU.ActiveCfg = Debug|Any CPU
		{4CFB5476-8687-4A4C-8602-33D526CCA569}.Debug|Any CPU.Build.0 = Debug|Any CPU
		{4CFB5476-8687-4A4C-8602-33D526CCA569}.Release|Any CPU.ActiveCfg = Release|Any CPU
		{4CFB5476-8687-4A4C-8602-33D526CCA569}.Release|Any CPU.Build.0 = Release|Any CPU
		{C074A451-5589-4306-9641-4EBEDE4C00DE}.Debug|Any CPU.ActiveCfg = Debug|Any CPU
		{C074A451-5589-4306-9641-4EBEDE4C00DE}.Debug|Any CPU.Build.0 = Debug|Any CPU
		{C074A451-5589-4306-9641-4EBEDE4C00DE}.Release|Any CPU.ActiveCfg = Release|Any CPU
		{C074A451-5589-4306-9641-4EBEDE4C00DE}.Release|Any CPU.Build.0 = Release|Any CPU
	EndGlobalSection
	GlobalSection(SolutionProperties) = preSolution
		HideSolutionNode = FALSE
	EndGlobalSection
	GlobalSection(ExtensibilityGlobals) = postSolution
		SolutionGuid = {1B010403-6C20-481C-BEAE-FCF8F9CAD7C9}
	EndGlobalSection
EndGlobal
